
Microsoft Visual Studio Solution File, Format Version 12.00
# Visual Studio Version 16
VisualStudioVersion = 16.0.31112.23
MinimumVisualStudioVersion = 10.0.40219.1
Project("{FAE04EC0-301F-11D3-BF4B-00C04F79EFBC}") = "RESTFull_API_NetCore_DatingApp", "RESTFull_API_NetCore_DatingApp.csproj", "{FAFCE207-DDDF-4066-AD03-8853D3F94A2A}"
EndProject
Global
	GlobalSection(SolutionConfigurationPlatforms) = preSolution
		Debug|Any CPU = Debug|Any CPU
		Release|Any CPU = Release|Any CPU
	EndGlobalSection
	GlobalSection(ProjectConfigurationPlatforms) = postSolution
		{FAFCE207-DDDF-4066-AD03-8853D3F94A2A}.Debug|Any CPU.ActiveCfg = Debug|Any CPU
		{FAFCE207-DDDF-4066-AD03-8853D3F94A2A}.Debug|Any CPU.Build.0 = Debug|Any CPU
		{FAFCE207-DDDF-4066-AD03-8853D3F94A2A}.Release|Any CPU.ActiveCfg = Release|Any CPU
		{FAFCE207-DDDF-4066-AD03-8853D3F94A2A}.Release|Any CPU.Build.0 = Release|Any CPU
	EndGlobalSection
	GlobalSection(SolutionProperties) = preSolution
		HideSolutionNode = FALSE
	EndGlobalSection
	GlobalSection(ExtensibilityGlobals) = postSolution
		SolutionGuid = {5A02E498-2B90-4485-851D-1F89998A81FC}
	EndGlobalSection
EndGlobal
